// !$*UTF8*$!
{
	archiveVersion = 1;
	classes = {
	};
	objectVersion = 50;
	objects = {

/* Begin PBXBuildFile section */
		5791CE2E25B502AB0038A85F /* AppDelegate.swift in Sources */ = {isa = PBXBuildFile; fileRef = 5791CE2D25B502AB0038A85F /* AppDelegate.swift */; };
		5791CE3025B502AB0038A85F /* SceneDelegate.swift in Sources */ = {isa = PBXBuildFile; fileRef = 5791CE2F25B502AB0038A85F /* SceneDelegate.swift */; };
		5791CE3225B502AB0038A85F /* MoviesViewController.swift in Sources */ = {isa = PBXBuildFile; fileRef = 5791CE3125B502AB0038A85F /* MoviesViewController.swift */; };
		5791CE3525B502AB0038A85F /* Main.storyboard in Resources */ = {isa = PBXBuildFile; fileRef = 5791CE3325B502AB0038A85F /* Main.storyboard */; };
		5791CE3725B502AC0038A85F /* Assets.xcassets in Resources */ = {isa = PBXBuildFile; fileRef = 5791CE3625B502AC0038A85F /* Assets.xcassets */; };
		5791CE3A25B502AC0038A85F /* LaunchScreen.storyboard in Resources */ = {isa = PBXBuildFile; fileRef = 5791CE3825B502AC0038A85F /* LaunchScreen.storyboard */; };
		5791CE4325B502C00038A85F /* Movie.swift in Sources */ = {isa = PBXBuildFile; fileRef = 5791CE4225B502C00038A85F /* Movie.swift */; };
		5791CE4725B506590038A85F /* MovieCell.swift in Sources */ = {isa = PBXBuildFile; fileRef = 5791CE4625B506590038A85F /* MovieCell.swift */; };
/* End PBXBuildFile section */

/* Begin PBXFileReference section */
		5791CE2A25B502AB0038A85F /* CivilRightsMedia.app */ = {isa = PBXFileReference; explicitFileType = wrapper.application; includeInIndex = 0; path = CivilRightsMedia.app; sourceTree = BUILT_PRODUCTS_DIR; };
		5791CE2D25B502AB0038A85F /* AppDelegate.swift */ = {isa = PBXFileReference; lastKnownFileType = sourcecode.swift; path = AppDelegate.swift; sourceTree = "<group>"; };
		5791CE2F25B502AB0038A85F /* SceneDelegate.swift */ = {isa = PBXFileReference; lastKnownFileType = sourcecode.swift; path = SceneDelegate.swift; sourceTree = "<group>"; };
		5791CE3125B502AB0038A85F /* MoviesViewController.swift */ = {isa = PBXFileReference; lastKnownFileType = sourcecode.swift; path = MoviesViewController.swift; sourceTree = "<group>"; };
		5791CE3425B502AB0038A85F /* Base */ = {isa = PBXFileReference; lastKnownFileType = file.storyboard; name = Base; path = Base.lproj/Main.storyboard; sourceTree = "<group>"; };
		5791CE3625B502AC0038A85F /* Assets.xcassets */ = {isa = PBXFileReference; lastKnownFileType = folder.assetcatalog; path = Assets.xcassets; sourceTree = "<group>"; };
		5791CE3925B502AC0038A85F /* Base */ = {isa = PBXFileReference; lastKnownFileType = file.storyboard; name = Base; path = Base.lproj/LaunchScreen.storyboard; sourceTree = "<group>"; };
		5791CE3B25B502AC0038A85F /* Info.plist */ = {isa = PBXFileReference; lastKnownFileType = text.plist.xml; path = Info.plist; sourceTree = "<group>"; };
		5791CE4225B502C00038A85F /* Movie.swift */ = {isa = PBXFileReference; lastKnownFileType = sourcecode.swift; path = Movie.swift; sourceTree = "<group>"; };
		5791CE4625B506590038A85F /* MovieCell.swift */ = {isa = PBXFileReference; lastKnownFileType = sourcecode.swift; path = MovieCell.swift; sourceTree = "<group>"; };
/* End PBXFileReference section */

/* Begin PBXFrameworksBuildPhase section */
		5791CE2725B502AB0038A85F /* Frameworks */ = {
			isa = PBXFrameworksBuildPhase;
			buildActionMask = 2147483647;
			files = (
			);
			runOnlyForDeploymentPostprocessing = 0;
		};
/* End PBXFrameworksBuildPhase section */

/* Begin PBXGroup section */
		5791CE2125B502AB0038A85F = {
			isa = PBXGroup;
			children = (
				5791CE2C25B502AB0038A85F /* CivilRightsMedia */,
				5791CE2B25B502AB0038A85F /* Products */,
			);
			sourceTree = "<group>";
		};
		5791CE2B25B502AB0038A85F /* Products */ = {
			isa = PBXGroup;
			children = (
				5791CE2A25B502AB0038A85F /* CivilRightsMedia.app */,
			);
			name = Products;
			sourceTree = "<group>";
		};
		5791CE2C25B502AB0038A85F /* CivilRightsMedia */ = {
			isa = PBXGroup;
			children = (
				5791CE2D25B502AB0038A85F /* AppDelegate.swift */,
				5791CE2F25B502AB0038A85F /* SceneDelegate.swift */,
				5791CE4225B502C00038A85F /* Movie.swift */,
				5791CE4625B506590038A85F /* MovieCell.swift */,
				5791CE3125B502AB0038A85F /* MoviesViewController.swift */,
				5791CE3325B502AB0038A85F /* Main.storyboard */,
				5791CE3625B502AC0038A85F /* Assets.xcassets */,
				5791CE3825B502AC0038A85F /* LaunchScreen.storyboard */,
				5791CE3B25B502AC0038A85F /* Info.plist */,
			);
			path = CivilRightsMedia;
			sourceTree = "<group>";
		};
/* End PBXGroup section */

/* Begin PBXNativeTarget section */
		5791CE2925B502AB0038A85F /* CivilRightsMedia */ = {
			isa = PBXNativeTarget;
			buildConfigurationList = 5791CE3E25B502AC0038A85F /* Build configuration list for PBXNativeTarget "CivilRightsMedia" */;
			buildPhases = (
				5791CE2625B502AB0038A85F /* Sources */,
				5791CE2725B502AB0038A85F /* Frameworks */,
				5791CE2825B502AB0038A85F /* Resources */,
			);
			buildRules = (
			);
			dependencies = (
			);
			name = CivilRightsMedia;
			productName = CivilRightsMedia;
			productReference = 5791CE2A25B502AB0038A85F /* CivilRightsMedia.app */;
			productType = "com.apple.product-type.application";
		};
/* End PBXNativeTarget section */

/* Begin PBXProject section */
		5791CE2225B502AB0038A85F /* Project object */ = {
			isa = PBXProject;
			attributes = {
				LastSwiftUpdateCheck = 1230;
				LastUpgradeCheck = 1230;
				TargetAttributes = {
					5791CE2925B502AB0038A85F = {
						CreatedOnToolsVersion = 12.3;
					};
				};
			};
			buildConfigurationList = 5791CE2525B502AB0038A85F /* Build configuration list for PBXProject "CivilRightsMedia" */;
			compatibilityVersion = "Xcode 9.3";
			developmentRegion = en;
			hasScannedForEncodings = 0;
			knownRegions = (
				en,
				Base,
			);
			mainGroup = 5791CE2125B502AB0038A85F;
			productRefGroup = 5791CE2B25B502AB0038A85F /* Products */;
			projectDirPath = "";
			projectRoot = "";
			targets = (
				5791CE2925B502AB0038A85F /* CivilRightsMedia */,
			);
		};
/* End PBXProject section */

/* Begin PBXResourcesBuildPhase section */
		5791CE2825B502AB0038A85F /* Resources */ = {
			isa = PBXResourcesBuildPhase;
			buildActionMask = 2147483647;
			files = (
				5791CE3A25B502AC0038A85F /* LaunchScreen.storyboard in Resources */,
				5791CE3725B502AC0038A85F /* Assets.xcassets in Resources */,
				5791CE3525B502AB0038A85F /* Main.storyboard in Resources */,
			);
			runOnlyForDeploymentPostprocessing = 0;
		};
/* End PBXResourcesBuildPhase section */

/* Begin PBXSourcesBuildPhase section */
		5791CE2625B502AB0038A85F /* Sources */ = {
			isa = PBXSourcesBuildPhase;
			buildActionMask = 2147483647;
			files = (
				5791CE3225B502AB0038A85F /* MoviesViewController.swift in Sources */,
				5791CE2E25B502AB0038A85F /* AppDelegate.swift in Sources */,
				5791CE4325B502C00038A85F /* Movie.swift in Sources */,
				5791CE4725B506590038A85F /* MovieCell.swift in Sources */,
				5791CE3025B502AB0038A85F /* SceneDelegate.swift in Sources */,
			);
			runOnlyForDeploymentPostprocessing = 0;
		};
/* End PBXSourcesBuildPhase section */

/* Begin PBXVariantGroup section */
		5791CE3325B502AB0038A85F /* Main.storyboard */ = {
			isa = PBXVariantGroup;
			children = (
				5791CE3425B502AB0038A85F /* Base */,
			);
			name = Main.storyboard;
			sourceTree = "<group>";
		};
		5791CE3825B502AC0038A85F /* LaunchScreen.storyboard */ = {
			isa = PBXVariantGroup;
			children = (
				5791CE3925B502AC0038A85F /* Base */,
			);
			name = LaunchScreen.storyboard;
			sourceTree = "<group>";
		};
/* End PBXVariantGroup section */

/* Begin XCBuildConfiguration section */
		5791CE3C25B502AC0038A85F /* Debug */ = {
			isa = XCBuildConfiguration;
			buildSettings = {
				ALWAYS_SEARCH_USER_PATHS = NO;
				CLANG_ANALYZER_NONNULL = YES;
				CLANG_ANALYZER_NUMBER_OBJECT_CONVERSION = YES_AGGRESSIVE;
				CLANG_CXX_LANGUAGE_STANDARD = "gnu++14";
				CLANG_CXX_LIBRARY = "libc++";
				CLANG_ENABLE_MODULES = YES;
				CLANG_ENABLE_OBJC_ARC = YES;
				CLANG_ENABLE_OBJC_WEAK = YES;
				CLANG_WARN_BLOCK_CAPTURE_AUTORELEASING = YES;
				CLANG_WARN_BOOL_CONVERSION = YES;
				CLANG_WARN_COMMA = YES;
				CLANG_WARN_CONSTANT_CONVERSION = YES;
				CLANG_WARN_DEPRECATED_OBJC_IMPLEMENTATIONS = YES;
				CLANG_WARN_DIRECT_OBJC_ISA_USAGE = YES_ERROR;
				CLANG_WARN_DOCUMENTATION_COMMENTS = YES;
				CLANG_WARN_EMPTY_BODY = YES;
				CLANG_WARN_ENUM_CONVERSION = YES;
				CLANG_WARN_INFINITE_RECURSION = YES;
				CLANG_WARN_INT_CONVERSION = YES;
				CLANG_WARN_NON_LITERAL_NULL_CONVERSION = YES;
				CLANG_WARN_OBJC_IMPLICIT_RETAIN_SELF = YES;
				CLANG_WARN_OBJC_LITERAL_CONVERSION = YES;
				CLANG_WARN_OBJC_ROOT_CLASS = YES_ERROR;
				CLANG_WARN_QUOTED_INCLUDE_IN_FRAMEWORK_HEADER = YES;
				CLANG_WARN_RANGE_LOOP_ANALYSIS = YES;
				CLANG_WARN_STRICT_PROTOTYPES = YES;
				CLANG_WARN_SUSPICIOUS_MOVE = YES;
				CLANG_WARN_UNGUARDED_AVAILABILITY = YES_AGGRESSIVE;
				CLANG_WARN_UNREACHABLE_CODE = YES;
				CLANG_WARN__DUPLICATE_METHOD_MATCH = YES;
				COPY_PHASE_STRIP = NO;
				DEBUG_INFORMATION_FORMAT = dwarf;
				ENABLE_STRICT_OBJC_MSGSEND = YES;
				ENABLE_TESTABILITY = YES;
				GCC_C_LANGUAGE_STANDARD = gnu11;
				GCC_DYNAMIC_NO_PIC = NO;
				GCC_NO_COMMON_BLOCKS = YES;
				GCC_OPTIMIZATION_LEVEL = 0;
				GCC_PREPROCESSOR_DEFINITIONS = (
					"DEBUG=1",
					"$(inherited)",
				);
				GCC_WARN_64_TO_32_BIT_CONVERSION = YES;
				GCC_WARN_ABOUT_RETURN_TYPE = YES_ERROR;
				GCC_WARN_UNDECLARED_SELECTOR = YES;
				GCC_WARN_UNINITIALIZED_AUTOS = YES_AGGRESSIVE;
				GCC_WARN_UNUSED_FUNCTION = YES;
				GCC_WARN_UNUSED_VARIABLE = YES;
				IPHONEOS_DEPLOYMENT_TARGET = 14.3;
				MTL_ENABLE_DEBUG_INFO = INCLUDE_SOURCE;
				MTL_FAST_MATH = YES;
				ONLY_ACTIVE_ARCH = YES;
				SDKROOT = iphoneos;
				SWIFT_ACTIVE_COMPILATION_CONDITIONS = DEBUG;
				SWIFT_OPTIMIZATION_LEVEL = "-Onone";
			};
			name = Debug;
		};
		5791CE3D25B502AC0038A85F /* Release */ = {
			isa = XCBuildConfiguration;
			buildSettings = {
				ALWAYS_SEARCH_USER_PATHS = NO;
				CLANG_ANALYZER_NONNULL = YES;
				CLANG_ANALYZER_NUMBER_OBJECT_CONVERSION = YES_AGGRESSIVE;
				CLANG_CXX_LANGUAGE_STANDARD = "gnu++14";
				CLANG_CXX_LIBRARY = "libc++";
				CLANG_ENABLE_MODULES = YES;
				CLANG_ENABLE_OBJC_ARC = YES;
				CLANG_ENABLE_OBJC_WEAK = YES;
				CLANG_WARN_BLOCK_CAPTURE_AUTORELEASING = YES;
				CLANG_WARN_BOOL_CONVERSION = YES;
				CLANG_WARN_COMMA = YES;
				CLANG_WARN_CONSTANT_CONVERSION = YES;
				CLANG_WARN_DEPRECATED_OBJC_IMPLEMENTATIONS = YES;
				CLANG_WARN_DIRECT_OBJC_ISA_USAGE = YES_ERROR;
				CLANG_WARN_DOCUMENTATION_COMMENTS = YES;
				CLANG_WARN_EMPTY_BODY = YES;
				CLANG_WARN_ENUM_CONVERSION = YES;
				CLANG_WARN_INFINITE_RECURSION = YES;
				CLANG_WARN_INT_CONVERSION = YES;
				CLANG_WARN_NON_LITERAL_NULL_CONVERSION = YES;
				CLANG_WARN_OBJC_IMPLICIT_RETAIN_SELF = YES;
				CLANG_WARN_OBJC_LITERAL_CONVERSION = YES;
				CLANG_WARN_OBJC_ROOT_CLASS = YES_ERROR;
				CLANG_WARN_QUOTED_INCLUDE_IN_FRAMEWORK_HEADER = YES;
				CLANG_WARN_RANGE_LOOP_ANALYSIS = YES;
				CLANG_WARN_STRICT_PROTOTYPES = YES;
				CLANG_WARN_SUSPICIOUS_MOVE = YES;
				CLANG_WARN_UNGUARDED_AVAILABILITY = YES_AGGRESSIVE;
				CLANG_WARN_UNREACHABLE_CODE = YES;
				CLANG_WARN__DUPLICATE_METHOD_MATCH = YES;
				COPY_PHASE_STRIP = NO;
				DEBUG_INFORMATION_FORMAT = "dwarf-with-dsym";
				ENABLE_NS_ASSERTIONS = NO;
				ENABLE_STRICT_OBJC_MSGSEND = YES;
				GCC_C_LANGUAGE_STANDARD = gnu11;
				GCC_NO_COMMON_BLOCKS = YES;
				GCC_WARN_64_TO_32_BIT_CONVERSION = YES;
				GCC_WARN_ABOUT_RETURN_TYPE = YES_ERROR;
				GCC_WARN_UNDECLARED_SELECTOR = YES;
				GCC_WARN_UNINITIALIZED_AUTOS = YES_AGGRESSIVE;
				GCC_WARN_UNUSED_FUNCTION = YES;
				GCC_WARN_UNUSED_VARIABLE = YES;
				IPHONEOS_DEPLOYMENT_TARGET = 14.3;
				MTL_ENABLE_DEBUG_INFO = NO;
				MTL_FAST_MATH = YES;
				SDKROOT = iphoneos;
				SWIFT_COMPILATION_MODE = wholemodule;
				SWIFT_OPTIMIZATION_LEVEL = "-O";
				VALIDATE_PRODUCT = YES;
			};
			name = Release;
		};
		5791CE3F25B502AC0038A85F /* Debug */ = {
			isa = XCBuildConfiguration;
			buildSettings = {
				ASSETCATALOG_COMPILER_APPICON_NAME = AppIcon;
				ASSETCATALOG_COMPILER_GLOBAL_ACCENT_COLOR_NAME = AccentColor;
				CODE_SIGN_STYLE = Automatic;
				DEVELOPMENT_TEAM = ZEKMNK5YD3;
				INFOPLIST_FILE = CivilRightsMedia/Info.plist;
				LD_RUNPATH_SEARCH_PATHS = (
					"$(inherited)",
					"@executable_path/Frameworks",
				);
				PRODUCT_BUNDLE_IDENTIFIER = com.alexcpaul.CivilRightsMedia;
				PRODUCT_NAME = "$(TARGET_NAME)";
				SWIFT_VERSION = 5.0;
				TARGETED_DEVICE_FAMILY = "1,2";
			};
			name = Debug;
		};
		5791CE4025B502AC0038A85F /* Release */ = {
			isa = XCBuildConfiguration;
			buildSettings = {
				ASSETCATALOG_COMPILER_APPICON_NAME = AppIcon;
				ASSETCATALOG_COMPILER_GLOBAL_ACCENT_COLOR_NAME = AccentColor;
				CODE_SIGN_STYLE = Automatic;
				DEVELOPMENT_TEAM = ZEKMNK5YD3;
				INFOPLIST_FILE = CivilRightsMedia/Info.plist;
				LD_RUNPATH_SEARCH_PATHS = (
					"$(inherited)",
					"@executable_path/Frameworks",
				);
				PRODUCT_BUNDLE_IDENTIFIER = com.alexcpaul.CivilRightsMedia;
				PRODUCT_NAME = "$(TARGET_NAME)";
				SWIFT_VERSION = 5.0;
				TARGETED_DEVICE_FAMILY = "1,2";
			};
			name = Release;
		};
/* End XCBuildConfiguration section */

/* Begin XCConfigurationList section */
		5791CE2525B502AB0038A85F /* Build configuration list for PBXProject "CivilRightsMedia" */ = {
			isa = XCConfigurationList;
			buildConfigurations = (
				5791CE3C25B502AC0038A85F /* Debug */,
				5791CE3D25B502AC0038A85F /* Release */,
			);
			defaultConfigurationIsVisible = 0;
			defaultConfigurationName = Release;
		};
		5791CE3E25B502AC0038A85F /* Build configuration list for PBXNativeTarget "CivilRightsMedia" */ = {
			isa = XCConfigurationList;
			buildConfigurations = (
				5791CE3F25B502AC0038A85F /* Debug */,
				5791CE4025B502AC0038A85F /* Release */,
			);
			defaultConfigurationIsVisible = 0;
			defaultConfigurationName = Release;
		};
/* End XCConfigurationList section */
	};
	rootObject = 5791CE2225B502AB0038A85F /* Project object */;
}
